
Microsoft Visual Studio Solution File, Format Version 12.00
# Visual Studio Version 17
VisualStudioVersion = 17.1.32228.430
MinimumVisualStudioVersion = 10.0.40219.1
Project("{FAE04EC0-301F-11D3-BF4B-00C04F79EFBC}") = "ObserverPattern", "ObserverPattern\ObserverPattern.csproj", "{AA55CC26-E051-41A5-86C5-27B71A2E59F2}"
EndProject
Global
	GlobalSection(SolutionConfigurationPlatforms) = preSolution
		Debug|Any CPU = Debug|Any CPU
		Release|Any CPU = Release|Any CPU
	EndGlobalSection
	GlobalSection(ProjectConfigurationPlatforms) = postSolution
		{AA55CC26-E051-41A5-86C5-27B71A2E59F2}.Debug|Any CPU.ActiveCfg = Debug|Any CPU
		{AA55CC26-E051-41A5-86C5-27B71A2E59F2}.Debug|Any CPU.Build.0 = Debug|Any CPU
		{AA55CC26-E051-41A5-86C5-27B71A2E59F2}.Release|Any CPU.ActiveCfg = Release|Any CPU
		{AA55CC26-E051-41A5-86C5-27B71A2E59F2}.Release|Any CPU.Build.0 = Release|Any CPU
	EndGlobalSection
	GlobalSection(SolutionProperties) = preSolution
		HideSolutionNode = FALSE
	EndGlobalSection
	GlobalSection(ExtensibilityGlobals) = postSolution
		SolutionGuid = {2DACBDD9-8E17-4515-8B9D-C43014A922F0}
	EndGlobalSection
EndGlobal
