
Microsoft Visual Studio Solution File, Format Version 12.00
# Visual Studio Version 17
VisualStudioVersion = 17.0.31903.59
MinimumVisualStudioVersion = 10.0.40219.1
Project("{FAE04EC0-301F-11D3-BF4B-00C04F79EFBC}") = "CQRS.Web", "CQRS.Web\CQRS.Web.csproj", "{4A7B6DBD-C3C4-4A2F-B4F6-7DF554F0834E}"
EndProject
Project("{FAE04EC0-301F-11D3-BF4B-00C04F79EFBC}") = "CQRS.Infrastructure.Read", "CQRS.Infrastructure.Read\CQRS.Infrastructure.Read.csproj", "{F96DB326-838B-4970-BC1D-54AC9B8B85C0}"
EndProject
Project("{2150E333-8FDC-42A3-9474-1A3956D46DE8}") = "CQRS.Infra.Read", "CQRS.Infra.Read", "{46ABA3E1-B145-429B-8D11-92EB61E59AFA}"
EndProject
Project("{FAE04EC0-301F-11D3-BF4B-00C04F79EFBC}") = "CQRS.Application.Read", "CQRS.Application.Read\CQRS.Application.Read.csproj", "{A622014B-57DC-4896-8DDC-5FC824E61297}"
EndProject
Global
	GlobalSection(SolutionConfigurationPlatforms) = preSolution
		Debug|Any CPU = Debug|Any CPU
		Release|Any CPU = Release|Any CPU
	EndGlobalSection
	GlobalSection(ProjectConfigurationPlatforms) = postSolution
		{4A7B6DBD-C3C4-4A2F-B4F6-7DF554F0834E}.Debug|Any CPU.ActiveCfg = Debug|Any CPU
		{4A7B6DBD-C3C4-4A2F-B4F6-7DF554F0834E}.Debug|Any CPU.Build.0 = Debug|Any CPU
		{4A7B6DBD-C3C4-4A2F-B4F6-7DF554F0834E}.Release|Any CPU.ActiveCfg = Release|Any CPU
		{4A7B6DBD-C3C4-4A2F-B4F6-7DF554F0834E}.Release|Any CPU.Build.0 = Release|Any CPU
		{F96DB326-838B-4970-BC1D-54AC9B8B85C0}.Debug|Any CPU.ActiveCfg = Debug|Any CPU
		{F96DB326-838B-4970-BC1D-54AC9B8B85C0}.Debug|Any CPU.Build.0 = Debug|Any CPU
		{F96DB326-838B-4970-BC1D-54AC9B8B85C0}.Release|Any CPU.ActiveCfg = Release|Any CPU
		{F96DB326-838B-4970-BC1D-54AC9B8B85C0}.Release|Any CPU.Build.0 = Release|Any CPU
		{A622014B-57DC-4896-8DDC-5FC824E61297}.Debug|Any CPU.ActiveCfg = Debug|Any CPU
		{A622014B-57DC-4896-8DDC-5FC824E61297}.Debug|Any CPU.Build.0 = Debug|Any CPU
		{A622014B-57DC-4896-8DDC-5FC824E61297}.Release|Any CPU.ActiveCfg = Release|Any CPU
		{A622014B-57DC-4896-8DDC-5FC824E61297}.Release|Any CPU.Build.0 = Release|Any CPU
	EndGlobalSection
	GlobalSection(SolutionProperties) = preSolution
		HideSolutionNode = FALSE
	EndGlobalSection
	GlobalSection(NestedProjects) = preSolution
		{F96DB326-838B-4970-BC1D-54AC9B8B85C0} = {46ABA3E1-B145-429B-8D11-92EB61E59AFA}
		{A622014B-57DC-4896-8DDC-5FC824E61297} = {46ABA3E1-B145-429B-8D11-92EB61E59AFA}
	EndGlobalSection
	GlobalSection(ExtensibilityGlobals) = postSolution
		SolutionGuid = {DC0222F3-4F57-45CF-8D3C-FB0AEEC9D05E}
	EndGlobalSection
EndGlobal
